
Microsoft Visual Studio Solution File, Format Version 12.00
# Visual Studio Version 16
VisualStudioVersion = 16.0.810.0
MinimumVisualStudioVersion = 10.0.40219.1
Project("{FAE04EC0-301F-11D3-BF4B-00C04F79EFBC}") = "CinemaAPI", "CinemaAPI.csproj", "{76FBFAB0-9813-4757-8767-FC6C49CA7148}"
EndProject
Global
	GlobalSection(SolutionConfigurationPlatforms) = preSolution
		Debug|Any CPU = Debug|Any CPU
		Release|Any CPU = Release|Any CPU
	EndGlobalSection
	GlobalSection(ProjectConfigurationPlatforms) = postSolution
		{76FBFAB0-9813-4757-8767-FC6C49CA7148}.Debug|Any CPU.ActiveCfg = Debug|Any CPU
		{76FBFAB0-9813-4757-8767-FC6C49CA7148}.Debug|Any CPU.Build.0 = Debug|Any CPU
		{76FBFAB0-9813-4757-8767-FC6C49CA7148}.Release|Any CPU.ActiveCfg = Release|Any CPU
		{76FBFAB0-9813-4757-8767-FC6C49CA7148}.Release|Any CPU.Build.0 = Release|Any CPU
	EndGlobalSection
	GlobalSection(SolutionProperties) = preSolution
		HideSolutionNode = FALSE
	EndGlobalSection
	GlobalSection(ExtensibilityGlobals) = postSolution
		SolutionGuid = {722EA2DA-F679-4F7F-AF28-6D77EF565A47}
	EndGlobalSection
EndGlobal
